
Microsoft Visual Studio Solution File, Format Version 12.00
# Visual Studio Version 17
VisualStudioVersion = 17.4.33213.308
MinimumVisualStudioVersion = 10.0.40219.1
Project("{8BC9CEB8-8B4A-11D0-8D11-00A0C91BC942}") = "formTest", "formTest\formTest.vcxproj", "{15EF4BF4-6DF5-4544-BB9C-BC4213D822AD}"
EndProject
Global
	GlobalSection(SolutionConfigurationPlatforms) = preSolution
		Debug|x64 = Debug|x64
		Debug|x86 = Debug|x86
		Release|x64 = Release|x64
		Release|x86 = Release|x86
	EndGlobalSection
	GlobalSection(ProjectConfigurationPlatforms) = postSolution
		{15EF4BF4-6DF5-4544-BB9C-BC4213D822AD}.Debug|x64.ActiveCfg = Debug|x64
		{15EF4BF4-6DF5-4544-BB9C-BC4213D822AD}.Debug|x64.Build.0 = Debug|x64
		{15EF4BF4-6DF5-4544-BB9C-BC4213D822AD}.Debug|x86.ActiveCfg = Debug|Win32
		{15EF4BF4-6DF5-4544-BB9C-BC4213D822AD}.Debug|x86.Build.0 = Debug|Win32
		{15EF4BF4-6DF5-4544-BB9C-BC4213D822AD}.Release|x64.ActiveCfg = Release|x64
		{15EF4BF4-6DF5-4544-BB9C-BC4213D822AD}.Release|x64.Build.0 = Release|x64
		{15EF4BF4-6DF5-4544-BB9C-BC4213D822AD}.Release|x86.ActiveCfg = Release|Win32
		{15EF4BF4-6DF5-4544-BB9C-BC4213D822AD}.Release|x86.Build.0 = Release|Win32
	EndGlobalSection
	GlobalSection(SolutionProperties) = preSolution
		HideSolutionNode = FALSE
	EndGlobalSection
	GlobalSection(ExtensibilityGlobals) = postSolution
		SolutionGuid = {30F1BAB2-B101-4B17-B391-29B377DCFC52}
	EndGlobalSection
EndGlobal
